
Microsoft Visual Studio Solution File, Format Version 12.00
# Visual Studio Version 16
VisualStudioVersion = 16.0.30104.148
MinimumVisualStudioVersion = 10.0.40219.1
Project("{888888A0-9F3D-457C-B088-3A5042F75D52}") = "wiki.python.org.br-Gabarito-ListaDeExercicios", "wiki.python.org.br-Gabarito-ListaDeExercicios\wiki.python.org.br-Gabarito-ListaDeExercicios.pyproj", "{2C363271-B02B-4ACD-B60D-E143DF1246BF}"
EndProject
Global
	GlobalSection(SolutionConfigurationPlatforms) = preSolution
		Debug|Any CPU = Debug|Any CPU
		Release|Any CPU = Release|Any CPU
	EndGlobalSection
	GlobalSection(ProjectConfigurationPlatforms) = postSolution
		{2C363271-B02B-4ACD-B60D-E143DF1246BF}.Debug|Any CPU.ActiveCfg = Debug|Any CPU
		{2C363271-B02B-4ACD-B60D-E143DF1246BF}.Release|Any CPU.ActiveCfg = Release|Any CPU
	EndGlobalSection
	GlobalSection(SolutionProperties) = preSolution
		HideSolutionNode = FALSE
	EndGlobalSection
	GlobalSection(ExtensibilityGlobals) = postSolution
		SolutionGuid = {EDB42091-331B-49BC-8075-8458F9488C94}
	EndGlobalSection
EndGlobal
